
Microsoft Visual Studio Solution File, Format Version 12.00
# Visual Studio 15
VisualStudioVersion = 15.0.28307.902
MinimumVisualStudioVersion = 10.0.40219.1
Project("{FAE04EC0-301F-11D3-BF4B-00C04F79EFBC}") = "AssignmentTwo", "AssignmentTwo\AssignmentTwo.csproj", "{CFAEAEA1-04FF-4D07-BF2C-15715436F8B7}"
EndProject
Global
	GlobalSection(SolutionConfigurationPlatforms) = preSolution
		Debug|Any CPU = Debug|Any CPU
		Release|Any CPU = Release|Any CPU
	EndGlobalSection
	GlobalSection(ProjectConfigurationPlatforms) = postSolution
		{CFAEAEA1-04FF-4D07-BF2C-15715436F8B7}.Debug|Any CPU.ActiveCfg = Debug|Any CPU
		{CFAEAEA1-04FF-4D07-BF2C-15715436F8B7}.Debug|Any CPU.Build.0 = Debug|Any CPU
		{CFAEAEA1-04FF-4D07-BF2C-15715436F8B7}.Release|Any CPU.ActiveCfg = Release|Any CPU
		{CFAEAEA1-04FF-4D07-BF2C-15715436F8B7}.Release|Any CPU.Build.0 = Release|Any CPU
	EndGlobalSection
	GlobalSection(SolutionProperties) = preSolution
		HideSolutionNode = FALSE
	EndGlobalSection
	GlobalSection(ExtensibilityGlobals) = postSolution
		SolutionGuid = {BEA053D8-929A-4176-95C0-B1D879F92C76}
	EndGlobalSection
EndGlobal
